
Microsoft Visual Studio Solution File, Format Version 12.00
# Visual Studio Version 17
VisualStudioVersion = 17.0.31903.59
MinimumVisualStudioVersion = 10.0.40219.1
# Generated by 'gnb dotnet sln'. Do not edit by hand.
Project("{2150E333-8FDC-42A3-9474-1A3956D46DE8}") = "Engine", "Engine", "{0AF489DA-A62B-5966-9679-89DE663238EE}"
EndProject
Project("{FAE04EC0-301F-11D3-BF4B-00C04F79EFBC}") = "GkNext.Bootstrap", "GkNext.Bootstrap\GkNext.Bootstrap.csproj", "{8B9E480E-BF08-529A-88CD-A73B0DDC9BE3}"
EndProject
Project("{FAE04EC0-301F-11D3-BF4B-00C04F79EFBC}") = "GkNext.Engine", "GkNext.Engine\GkNext.Engine.csproj", "{D7979FD5-A239-52E1-A6EB-F31BDE9E59B1}"
EndProject
Project("{FAE04EC0-301F-11D3-BF4B-00C04F79EFBC}") = "GkNext.SourceGen", "GkNext.SourceGen\GkNext.SourceGen.csproj", "{B13F550C-C782-5F19-847F-EDF0181C9A77}"
EndProject
Project("{2150E333-8FDC-42A3-9474-1A3956D46DE8}") = "Games", "Games", "{0A2512B2-8474-5FBC-A577-50AEEF35DEC4}"
EndProject
Project("{FAE04EC0-301F-11D3-BF4B-00C04F79EFBC}") = "Brotato3DCSharp", "Brotato3D\Brotato3DCSharp\Brotato3DCSharp.csproj", "{189E407A-DAF9-56E6-9476-57D4DC3D0B42}"
EndProject
Project("{FAE04EC0-301F-11D3-BF4B-00C04F79EFBC}") = "FlappyCSharp", "Flappy\FlappyCSharp\FlappyCSharp.csproj", "{733332BC-0FD8-53E5-80FF-EA7D680853E4}"
EndProject
Project("{FAE04EC0-301F-11D3-BF4B-00C04F79EFBC}") = "GkNext.Game", "GkNext.Game\GkNext.Game.csproj", "{54EC4174-A145-54C5-8322-3946CE7B7D32}"
EndProject
Global
	GlobalSection(SolutionConfigurationPlatforms) = preSolution
		Debug|Any CPU = Debug|Any CPU
		Debug|x64 = Debug|x64
		Debug|x86 = Debug|x86
		Release|Any CPU = Release|Any CPU
		Release|x64 = Release|x64
		Release|x86 = Release|x86
	EndGlobalSection
	GlobalSection(ProjectConfigurationPlatforms) = postSolution
		{8B9E480E-BF08-529A-88CD-A73B0DDC9BE3}.Debug|Any CPU.ActiveCfg = Debug|Any CPU
		{8B9E480E-BF08-529A-88CD-A73B0DDC9BE3}.Debug|Any CPU.Build.0 = Debug|Any CPU
		{8B9E480E-BF08-529A-88CD-A73B0DDC9BE3}.Debug|x64.ActiveCfg = Debug|Any CPU
		{8B9E480E-BF08-529A-88CD-A73B0DDC9BE3}.Debug|x64.Build.0 = Debug|Any CPU
		{8B9E480E-BF08-529A-88CD-A73B0DDC9BE3}.Debug|x86.ActiveCfg = Debug|Any CPU
		{8B9E480E-BF08-529A-88CD-A73B0DDC9BE3}.Debug|x86.Build.0 = Debug|Any CPU
		{8B9E480E-BF08-529A-88CD-A73B0DDC9BE3}.Release|Any CPU.ActiveCfg = Release|Any CPU
		{8B9E480E-BF08-529A-88CD-A73B0DDC9BE3}.Release|Any CPU.Build.0 = Release|Any CPU
		{8B9E480E-BF08-529A-88CD-A73B0DDC9BE3}.Release|x64.ActiveCfg = Release|Any CPU
		{8B9E480E-BF08-529A-88CD-A73B0DDC9BE3}.Release|x64.Build.0 = Release|Any CPU
		{8B9E480E-BF08-529A-88CD-A73B0DDC9BE3}.Release|x86.ActiveCfg = Release|Any CPU
		{8B9E480E-BF08-529A-88CD-A73B0DDC9BE3}.Release|x86.Build.0 = Release|Any CPU
		{D7979FD5-A239-52E1-A6EB-F31BDE9E59B1}.Debug|Any CPU.ActiveCfg = Debug|Any CPU
		{D7979FD5-A239-52E1-A6EB-F31BDE9E59B1}.Debug|Any CPU.Build.0 = Debug|Any CPU
		{D7979FD5-A239-52E1-A6EB-F31BDE9E59B1}.Debug|x64.ActiveCfg = Debug|Any CPU
		{D7979FD5-A239-52E1-A6EB-F31BDE9E59B1}.Debug|x64.Build.0 = Debug|Any CPU
		{D7979FD5-A239-52E1-A6EB-F31BDE9E59B1}.Debug|x86.ActiveCfg = Debug|Any CPU
		{D7979FD5-A239-52E1-A6EB-F31BDE9E59B1}.Debug|x86.Build.0 = Debug|Any CPU
		{D7979FD5-A239-52E1-A6EB-F31BDE9E59B1}.Release|Any CPU.ActiveCfg = Release|Any CPU
		{D7979FD5-A239-52E1-A6EB-F31BDE9E59B1}.Release|Any CPU.Build.0 = Release|Any CPU
		{D7979FD5-A239-52E1-A6EB-F31BDE9E59B1}.Release|x64.ActiveCfg = Release|Any CPU
		{D7979FD5-A239-52E1-A6EB-F31BDE9E59B1}.Release|x64.Build.0 = Release|Any CPU
		{D7979FD5-A239-52E1-A6EB-F31BDE9E59B1}.Release|x86.ActiveCfg = Release|Any CPU
		{D7979FD5-A239-52E1-A6EB-F31BDE9E59B1}.Release|x86.Build.0 = Release|Any CPU
		{B13F550C-C782-5F19-847F-EDF0181C9A77}.Debug|Any CPU.ActiveCfg = Debug|Any CPU
		{B13F550C-C782-5F19-847F-EDF0181C9A77}.Debug|Any CPU.Build.0 = Debug|Any CPU
		{B13F550C-C782-5F19-847F-EDF0181C9A77}.Debug|x64.ActiveCfg = Debug|Any CPU
		{B13F550C-C782-5F19-847F-EDF0181C9A77}.Debug|x64.Build.0 = Debug|Any CPU
		{B13F550C-C782-5F19-847F-EDF0181C9A77}.Debug|x86.ActiveCfg = Debug|Any CPU
		{B13F550C-C782-5F19-847F-EDF0181C9A77}.Debug|x86.Build.0 = Debug|Any CPU
		{B13F550C-C782-5F19-847F-EDF0181C9A77}.Release|Any CPU.ActiveCfg = Release|Any CPU
		{B13F550C-C782-5F19-847F-EDF0181C9A77}.Release|Any CPU.Build.0 = Release|Any CPU
		{B13F550C-C782-5F19-847F-EDF0181C9A77}.Release|x64.ActiveCfg = Release|Any CPU
		{B13F550C-C782-5F19-847F-EDF0181C9A77}.Release|x64.Build.0 = Release|Any CPU
		{B13F550C-C782-5F19-847F-EDF0181C9A77}.Release|x86.ActiveCfg = Release|Any CPU
		{B13F550C-C782-5F19-847F-EDF0181C9A77}.Release|x86.Build.0 = Release|Any CPU
		{189E407A-DAF9-56E6-9476-57D4DC3D0B42}.Debug|Any CPU.ActiveCfg = Debug|Any CPU
		{189E407A-DAF9-56E6-9476-57D4DC3D0B42}.Debug|Any CPU.Build.0 = Debug|Any CPU
		{189E407A-DAF9-56E6-9476-57D4DC3D0B42}.Debug|x64.ActiveCfg = Debug|Any CPU
		{189E407A-DAF9-56E6-9476-57D4DC3D0B42}.Debug|x64.Build.0 = Debug|Any CPU
		{189E407A-DAF9-56E6-9476-57D4DC3D0B42}.Debug|x86.ActiveCfg = Debug|Any CPU
		{189E407A-DAF9-56E6-9476-57D4DC3D0B42}.Debug|x86.Build.0 = Debug|Any CPU
		{189E407A-DAF9-56E6-9476-57D4DC3D0B42}.Release|Any CPU.ActiveCfg = Release|Any CPU
		{189E407A-DAF9-56E6-9476-57D4DC3D0B42}.Release|Any CPU.Build.0 = Release|Any CPU
		{189E407A-DAF9-56E6-9476-57D4DC3D0B42}.Release|x64.ActiveCfg = Release|Any CPU
		{189E407A-DAF9-56E6-9476-57D4DC3D0B42}.Release|x64.Build.0 = Release|Any CPU
		{189E407A-DAF9-56E6-9476-57D4DC3D0B42}.Release|x86.ActiveCfg = Release|Any CPU
		{189E407A-DAF9-56E6-9476-57D4DC3D0B42}.Release|x86.Build.0 = Release|Any CPU
		{733332BC-0FD8-53E5-80FF-EA7D680853E4}.Debug|Any CPU.ActiveCfg = Debug|Any CPU
		{733332BC-0FD8-53E5-80FF-EA7D680853E4}.Debug|Any CPU.Build.0 = Debug|Any CPU
		{733332BC-0FD8-53E5-80FF-EA7D680853E4}.Debug|x64.ActiveCfg = Debug|Any CPU
		{733332BC-0FD8-53E5-80FF-EA7D680853E4}.Debug|x64.Build.0 = Debug|Any CPU
		{733332BC-0FD8-53E5-80FF-EA7D680853E4}.Debug|x86.ActiveCfg = Debug|Any CPU
		{733332BC-0FD8-53E5-80FF-EA7D680853E4}.Debug|x86.Build.0 = Debug|Any CPU
		{733332BC-0FD8-53E5-80FF-EA7D680853E4}.Release|Any CPU.ActiveCfg = Release|Any CPU
		{733332BC-0FD8-53E5-80FF-EA7D680853E4}.Release|Any CPU.Build.0 = Release|Any CPU
		{733332BC-0FD8-53E5-80FF-EA7D680853E4}.Release|x64.ActiveCfg = Release|Any CPU
		{733332BC-0FD8-53E5-80FF-EA7D680853E4}.Release|x64.Build.0 = Release|Any CPU
		{733332BC-0FD8-53E5-80FF-EA7D680853E4}.Release|x86.ActiveCfg = Release|Any CPU
		{733332BC-0FD8-53E5-80FF-EA7D680853E4}.Release|x86.Build.0 = Release|Any CPU
		{54EC4174-A145-54C5-8322-3946CE7B7D32}.Debug|Any CPU.ActiveCfg = Debug|Any CPU
		{54EC4174-A145-54C5-8322-3946CE7B7D32}.Debug|Any CPU.Build.0 = Debug|Any CPU
		{54EC4174-A145-54C5-8322-3946CE7B7D32}.Debug|x64.ActiveCfg = Debug|Any CPU
		{54EC4174-A145-54C5-8322-3946CE7B7D32}.Debug|x64.Build.0 = Debug|Any CPU
		{54EC4174-A145-54C5-8322-3946CE7B7D32}.Debug|x86.ActiveCfg = Debug|Any CPU
		{54EC4174-A145-54C5-8322-3946CE7B7D32}.Debug|x86.Build.0 = Debug|Any CPU
		{54EC4174-A145-54C5-8322-3946CE7B7D32}.Release|Any CPU.ActiveCfg = Release|Any CPU
		{54EC4174-A145-54C5-8322-3946CE7B7D32}.Release|Any CPU.Build.0 = Release|Any CPU
		{54EC4174-A145-54C5-8322-3946CE7B7D32}.Release|x64.ActiveCfg = Release|Any CPU
		{54EC4174-A145-54C5-8322-3946CE7B7D32}.Release|x64.Build.0 = Release|Any CPU
		{54EC4174-A145-54C5-8322-3946CE7B7D32}.Release|x86.ActiveCfg = Release|Any CPU
		{54EC4174-A145-54C5-8322-3946CE7B7D32}.Release|x86.Build.0 = Release|Any CPU
	EndGlobalSection
	GlobalSection(SolutionProperties) = preSolution
		HideSolutionNode = FALSE
	EndGlobalSection
	GlobalSection(NestedProjects) = preSolution
		{8B9E480E-BF08-529A-88CD-A73B0DDC9BE3} = {0AF489DA-A62B-5966-9679-89DE663238EE}
		{D7979FD5-A239-52E1-A6EB-F31BDE9E59B1} = {0AF489DA-A62B-5966-9679-89DE663238EE}
		{B13F550C-C782-5F19-847F-EDF0181C9A77} = {0AF489DA-A62B-5966-9679-89DE663238EE}
		{189E407A-DAF9-56E6-9476-57D4DC3D0B42} = {0A2512B2-8474-5FBC-A577-50AEEF35DEC4}
		{733332BC-0FD8-53E5-80FF-EA7D680853E4} = {0A2512B2-8474-5FBC-A577-50AEEF35DEC4}
		{54EC4174-A145-54C5-8322-3946CE7B7D32} = {0A2512B2-8474-5FBC-A577-50AEEF35DEC4}
	EndGlobalSection
EndGlobal
